
Microsoft Visual Studio Solution File, Format Version 12.00
# Visual Studio Version 17
VisualStudioVersion = 17.11.35208.52
MinimumVisualStudioVersion = 10.0.40219.1
Project("{FAE04EC0-301F-11D3-BF4B-00C04F79EFBC}") = "AddinDiritProject", "AddinDiritProject\AddinDiritProject.csproj", "{0E45819B-C8F4-4FFF-AEED-77016101547C}"
EndProject
Project("{54435603-DBB4-11D2-8724-00A0C9A8B90C}") = "DiritInstaller2020", "DiritInstaller2020\DiritInstaller2020.vdproj", "{B6185BB5-AECD-497B-B30C-1D59C99454C1}"
EndProject
Project("{54435603-DBB4-11D2-8724-00A0C9A8B90C}") = "DiritInstaller2021", "DiritInstaller2021\DiritInstaller2021.vdproj", "{09190553-85E5-43D1-A6B2-AB5B231AE233}"
EndProject
Project("{54435603-DBB4-11D2-8724-00A0C9A8B90C}") = "DiritInstaller2022", "DiritInstaller2022\DiritInstaller2022.vdproj", "{93E591A4-A6C8-4F95-9C49-9D9D8355D606}"
EndProject
Project("{54435603-DBB4-11D2-8724-00A0C9A8B90C}") = "DiritInstaller2023", "DiritInstaller2023\DiritInstaller2023.vdproj", "{EEE7C65C-005A-45BF-A8B0-C75603742539}"
EndProject
Project("{54435603-DBB4-11D2-8724-00A0C9A8B90C}") = "DiritInstaller2024", "DiritInstaller2024\DiritInstaller2024.vdproj", "{043D3655-E4F5-40A3-99C9-74693C620F81}"
EndProject
Global
	GlobalSection(SolutionConfigurationPlatforms) = preSolution
		Debug_2020|Any CPU = Debug_2020|Any CPU
		Debug_2021|Any CPU = Debug_2021|Any CPU
		Debug_2022|Any CPU = Debug_2022|Any CPU
		Debug_2023|Any CPU = Debug_2023|Any CPU
		Debug_2024|Any CPU = Debug_2024|Any CPU
		Debug|Any CPU = Debug|Any CPU
		Release_2020|Any CPU = Release_2020|Any CPU
		Release_2021|Any CPU = Release_2021|Any CPU
		Release_2022|Any CPU = Release_2022|Any CPU
		Release_2023|Any CPU = Release_2023|Any CPU
		Release_2024|Any CPU = Release_2024|Any CPU
		Release|Any CPU = Release|Any CPU
	EndGlobalSection
	GlobalSection(ProjectConfigurationPlatforms) = postSolution
		{0E45819B-C8F4-4FFF-AEED-77016101547C}.Debug_2020|Any CPU.ActiveCfg = Debug_2020|Any CPU
		{0E45819B-C8F4-4FFF-AEED-77016101547C}.Debug_2020|Any CPU.Build.0 = Debug_2020|Any CPU
		{0E45819B-C8F4-4FFF-AEED-77016101547C}.Debug_2021|Any CPU.ActiveCfg = Debug_2021|Any CPU
		{0E45819B-C8F4-4FFF-AEED-77016101547C}.Debug_2021|Any CPU.Build.0 = Debug_2021|Any CPU
		{0E45819B-C8F4-4FFF-AEED-77016101547C}.Debug_2022|Any CPU.ActiveCfg = Debug_2022|Any CPU
		{0E45819B-C8F4-4FFF-AEED-77016101547C}.Debug_2022|Any CPU.Build.0 = Debug_2022|Any CPU
		{0E45819B-C8F4-4FFF-AEED-77016101547C}.Debug_2023|Any CPU.ActiveCfg = Debug_2023|Any CPU
		{0E45819B-C8F4-4FFF-AEED-77016101547C}.Debug_2023|Any CPU.Build.0 = Debug_2023|Any CPU
		{0E45819B-C8F4-4FFF-AEED-77016101547C}.Debug_2024|Any CPU.ActiveCfg = Debug_2024|Any CPU
		{0E45819B-C8F4-4FFF-AEED-77016101547C}.Debug_2024|Any CPU.Build.0 = Debug_2024|Any CPU
		{0E45819B-C8F4-4FFF-AEED-77016101547C}.Debug|Any CPU.ActiveCfg = Debug|Any CPU
		{0E45819B-C8F4-4FFF-AEED-77016101547C}.Debug|Any CPU.Build.0 = Debug|Any CPU
		{0E45819B-C8F4-4FFF-AEED-77016101547C}.Release_2020|Any CPU.ActiveCfg = Release_2020|Any CPU
		{0E45819B-C8F4-4FFF-AEED-77016101547C}.Release_2020|Any CPU.Build.0 = Release_2020|Any CPU
		{0E45819B-C8F4-4FFF-AEED-77016101547C}.Release_2021|Any CPU.ActiveCfg = Release_2021|Any CPU
		{0E45819B-C8F4-4FFF-AEED-77016101547C}.Release_2021|Any CPU.Build.0 = Release_2021|Any CPU
		{0E45819B-C8F4-4FFF-AEED-77016101547C}.Release_2022|Any CPU.ActiveCfg = Release_2022|Any CPU
		{0E45819B-C8F4-4FFF-AEED-77016101547C}.Release_2022|Any CPU.Build.0 = Release_2022|Any CPU
		{0E45819B-C8F4-4FFF-AEED-77016101547C}.Release_2023|Any CPU.ActiveCfg = Release_2023|Any CPU
		{0E45819B-C8F4-4FFF-AEED-77016101547C}.Release_2023|Any CPU.Build.0 = Release_2023|Any CPU
		{0E45819B-C8F4-4FFF-AEED-77016101547C}.Release_2024|Any CPU.ActiveCfg = Release_2024|Any CPU
		{0E45819B-C8F4-4FFF-AEED-77016101547C}.Release_2024|Any CPU.Build.0 = Release_2024|Any CPU
		{0E45819B-C8F4-4FFF-AEED-77016101547C}.Release|Any CPU.ActiveCfg = Release|Any CPU
		{0E45819B-C8F4-4FFF-AEED-77016101547C}.Release|Any CPU.Build.0 = Release|Any CPU
		{B6185BB5-AECD-497B-B30C-1D59C99454C1}.Debug_2020|Any CPU.ActiveCfg = Debug
		{B6185BB5-AECD-497B-B30C-1D59C99454C1}.Debug_2021|Any CPU.ActiveCfg = Debug
		{B6185BB5-AECD-497B-B30C-1D59C99454C1}.Debug_2022|Any CPU.ActiveCfg = Debug
		{B6185BB5-AECD-497B-B30C-1D59C99454C1}.Debug_2023|Any CPU.ActiveCfg = Debug
		{B6185BB5-AECD-497B-B30C-1D59C99454C1}.Debug_2024|Any CPU.ActiveCfg = Debug
		{B6185BB5-AECD-497B-B30C-1D59C99454C1}.Debug|Any CPU.ActiveCfg = Debug
		{B6185BB5-AECD-497B-B30C-1D59C99454C1}.Release_2020|Any CPU.ActiveCfg = Release
		{B6185BB5-AECD-497B-B30C-1D59C99454C1}.Release_2021|Any CPU.ActiveCfg = Release
		{B6185BB5-AECD-497B-B30C-1D59C99454C1}.Release_2022|Any CPU.ActiveCfg = Release
		{B6185BB5-AECD-497B-B30C-1D59C99454C1}.Release_2023|Any CPU.ActiveCfg = Release
		{B6185BB5-AECD-497B-B30C-1D59C99454C1}.Release_2024|Any CPU.ActiveCfg = Release
		{B6185BB5-AECD-497B-B30C-1D59C99454C1}.Release|Any CPU.ActiveCfg = Release
		{09190553-85E5-43D1-A6B2-AB5B231AE233}.Debug_2020|Any CPU.ActiveCfg = Debug
		{09190553-85E5-43D1-A6B2-AB5B231AE233}.Debug_2021|Any CPU.ActiveCfg = Debug
		{09190553-85E5-43D1-A6B2-AB5B231AE233}.Debug_2022|Any CPU.ActiveCfg = Debug
		{09190553-85E5-43D1-A6B2-AB5B231AE233}.Debug_2023|Any CPU.ActiveCfg = Debug
		{09190553-85E5-43D1-A6B2-AB5B231AE233}.Debug_2024|Any CPU.ActiveCfg = Debug
		{09190553-85E5-43D1-A6B2-AB5B231AE233}.Debug|Any CPU.ActiveCfg = Debug
		{09190553-85E5-43D1-A6B2-AB5B231AE233}.Release_2020|Any CPU.ActiveCfg = Release
		{09190553-85E5-43D1-A6B2-AB5B231AE233}.Release_2021|Any CPU.ActiveCfg = Release
		{09190553-85E5-43D1-A6B2-AB5B231AE233}.Release_2022|Any CPU.ActiveCfg = Release
		{09190553-85E5-43D1-A6B2-AB5B231AE233}.Release_2023|Any CPU.ActiveCfg = Release
		{09190553-85E5-43D1-A6B2-AB5B231AE233}.Release_2024|Any CPU.ActiveCfg = Release
		{09190553-85E5-43D1-A6B2-AB5B231AE233}.Release|Any CPU.ActiveCfg = Release
		{93E591A4-A6C8-4F95-9C49-9D9D8355D606}.Debug_2020|Any CPU.ActiveCfg = Debug
		{93E591A4-A6C8-4F95-9C49-9D9D8355D606}.Debug_2021|Any CPU.ActiveCfg = Debug
		{93E591A4-A6C8-4F95-9C49-9D9D8355D606}.Debug_2022|Any CPU.ActiveCfg = Debug
		{93E591A4-A6C8-4F95-9C49-9D9D8355D606}.Debug_2023|Any CPU.ActiveCfg = Debug
		{93E591A4-A6C8-4F95-9C49-9D9D8355D606}.Debug_2024|Any CPU.ActiveCfg = Debug
		{93E591A4-A6C8-4F95-9C49-9D9D8355D606}.Debug|Any CPU.ActiveCfg = Debug
		{93E591A4-A6C8-4F95-9C49-9D9D8355D606}.Release_2020|Any CPU.ActiveCfg = Release
		{93E591A4-A6C8-4F95-9C49-9D9D8355D606}.Release_2021|Any CPU.ActiveCfg = Release
		{93E591A4-A6C8-4F95-9C49-9D9D8355D606}.Release_2022|Any CPU.ActiveCfg = Release
		{93E591A4-A6C8-4F95-9C49-9D9D8355D606}.Release_2023|Any CPU.ActiveCfg = Release
		{93E591A4-A6C8-4F95-9C49-9D9D8355D606}.Release_2024|Any CPU.ActiveCfg = Release
		{93E591A4-A6C8-4F95-9C49-9D9D8355D606}.Release|Any CPU.ActiveCfg = Release
		{EEE7C65C-005A-45BF-A8B0-C75603742539}.Debug_2020|Any CPU.ActiveCfg = Debug
		{EEE7C65C-005A-45BF-A8B0-C75603742539}.Debug_2021|Any CPU.ActiveCfg = Debug
		{EEE7C65C-005A-45BF-A8B0-C75603742539}.Debug_2022|Any CPU.ActiveCfg = Debug
		{EEE7C65C-005A-45BF-A8B0-C75603742539}.Debug_2023|Any CPU.ActiveCfg = Debug
		{EEE7C65C-005A-45BF-A8B0-C75603742539}.Debug_2024|Any CPU.ActiveCfg = Debug
		{EEE7C65C-005A-45BF-A8B0-C75603742539}.Debug|Any CPU.ActiveCfg = Debug
		{EEE7C65C-005A-45BF-A8B0-C75603742539}.Release_2020|Any CPU.ActiveCfg = Release
		{EEE7C65C-005A-45BF-A8B0-C75603742539}.Release_2021|Any CPU.ActiveCfg = Release
		{EEE7C65C-005A-45BF-A8B0-C75603742539}.Release_2022|Any CPU.ActiveCfg = Release
		{EEE7C65C-005A-45BF-A8B0-C75603742539}.Release_2023|Any CPU.ActiveCfg = Release
		{EEE7C65C-005A-45BF-A8B0-C75603742539}.Release_2024|Any CPU.ActiveCfg = Release
		{EEE7C65C-005A-45BF-A8B0-C75603742539}.Release|Any CPU.ActiveCfg = Release
		{043D3655-E4F5-40A3-99C9-74693C620F81}.Debug_2020|Any CPU.ActiveCfg = Debug
		{043D3655-E4F5-40A3-99C9-74693C620F81}.Debug_2021|Any CPU.ActiveCfg = Debug
		{043D3655-E4F5-40A3-99C9-74693C620F81}.Debug_2022|Any CPU.ActiveCfg = Debug
		{043D3655-E4F5-40A3-99C9-74693C620F81}.Debug_2023|Any CPU.ActiveCfg = Debug
		{043D3655-E4F5-40A3-99C9-74693C620F81}.Debug_2024|Any CPU.ActiveCfg = Debug
		{043D3655-E4F5-40A3-99C9-74693C620F81}.Debug|Any CPU.ActiveCfg = Debug
		{043D3655-E4F5-40A3-99C9-74693C620F81}.Release_2020|Any CPU.ActiveCfg = Release
		{043D3655-E4F5-40A3-99C9-74693C620F81}.Release_2021|Any CPU.ActiveCfg = Release
		{043D3655-E4F5-40A3-99C9-74693C620F81}.Release_2022|Any CPU.ActiveCfg = Release
		{043D3655-E4F5-40A3-99C9-74693C620F81}.Release_2023|Any CPU.ActiveCfg = Release
		{043D3655-E4F5-40A3-99C9-74693C620F81}.Release_2024|Any CPU.ActiveCfg = Release
		{043D3655-E4F5-40A3-99C9-74693C620F81}.Release|Any CPU.ActiveCfg = Release
	EndGlobalSection
	GlobalSection(SolutionProperties) = preSolution
		HideSolutionNode = FALSE
	EndGlobalSection
	GlobalSection(ExtensibilityGlobals) = postSolution
		SolutionGuid = {9E67C0CD-707F-42E7-B87E-745C380D06E7}
	EndGlobalSection
EndGlobal
